
Microsoft Visual Studio Solution File, Format Version 12.00
# Visual Studio 15
VisualStudioVersion = 15.0.26730.10
MinimumVisualStudioVersion = 10.0.40219.1
Project("{FAE04EC0-301F-11D3-BF4B-00C04F79EFBC}") = "contentViewTest.Android", "contentViewTest\contentViewTest.Android\contentViewTest.Android.csproj", "{04395E30-F6CF-4D32-83FC-571EC6BCA217}"
EndProject
Project("{FAE04EC0-301F-11D3-BF4B-00C04F79EFBC}") = "contentViewTest", "contentViewTest\contentViewTest\contentViewTest.csproj", "{AC2DA8B8-604B-4BF5-8907-C232DA730DB7}"
EndProject
Project("{FAE04EC0-301F-11D3-BF4B-00C04F79EFBC}") = "contentViewTest.UWP", "contentViewTest\contentViewTest.UWP\contentViewTest.UWP.csproj", "{00D72DF6-8EEC-4AC5-951A-263B926F5BE1}"
EndProject
Project("{FAE04EC0-301F-11D3-BF4B-00C04F79EFBC}") = "contentViewTest.iOS", "contentViewTest\contentViewTest.iOS\contentViewTest.iOS.csproj", "{A8463CA2-D6AB-465F-A703-0C0B02A9F0C2}"
EndProject
Global
	GlobalSection(SolutionConfigurationPlatforms) = preSolution
		Ad-Hoc|Any CPU = Ad-Hoc|Any CPU
		Ad-Hoc|ARM = Ad-Hoc|ARM
		Ad-Hoc|iPhone = Ad-Hoc|iPhone
		Ad-Hoc|iPhoneSimulator = Ad-Hoc|iPhoneSimulator
		Ad-Hoc|x64 = Ad-Hoc|x64
		Ad-Hoc|x86 = Ad-Hoc|x86
		AppStore|Any CPU = AppStore|Any CPU
		AppStore|ARM = AppStore|ARM
		AppStore|iPhone = AppStore|iPhone
		AppStore|iPhoneSimulator = AppStore|iPhoneSimulator
		AppStore|x64 = AppStore|x64
		AppStore|x86 = AppStore|x86
		Debug|Any CPU = Debug|Any CPU
		Debug|ARM = Debug|ARM
		Debug|iPhone = Debug|iPhone
		Debug|iPhoneSimulator = Debug|iPhoneSimulator
		Debug|x64 = Debug|x64
		Debug|x86 = Debug|x86
		Release|Any CPU = Release|Any CPU
		Release|ARM = Release|ARM
		Release|iPhone = Release|iPhone
		Release|iPhoneSimulator = Release|iPhoneSimulator
		Release|x64 = Release|x64
		Release|x86 = Release|x86
	EndGlobalSection
	GlobalSection(ProjectConfigurationPlatforms) = postSolution
		{04395E30-F6CF-4D32-83FC-571EC6BCA217}.Ad-Hoc|Any CPU.ActiveCfg = Release|Any CPU
		{04395E30-F6CF-4D32-83FC-571EC6BCA217}.Ad-Hoc|Any CPU.Build.0 = Release|Any CPU
		{04395E30-F6CF-4D32-83FC-571EC6BCA217}.Ad-Hoc|Any CPU.Deploy.0 = Release|Any CPU
		{04395E30-F6CF-4D32-83FC-571EC6BCA217}.Ad-Hoc|ARM.ActiveCfg = Release|Any CPU
		{04395E30-F6CF-4D32-83FC-571EC6BCA217}.Ad-Hoc|ARM.Build.0 = Release|Any CPU
		{04395E30-F6CF-4D32-83FC-571EC6BCA217}.Ad-Hoc|ARM.Deploy.0 = Release|Any CPU
		{04395E30-F6CF-4D32-83FC-571EC6BCA217}.Ad-Hoc|iPhone.ActiveCfg = Release|Any CPU
		{04395E30-F6CF-4D32-83FC-571EC6BCA217}.Ad-Hoc|iPhone.Build.0 = Release|Any CPU
		{04395E30-F6CF-4D32-83FC-571EC6BCA217}.Ad-Hoc|iPhone.Deploy.0 = Release|Any CPU
		{04395E30-F6CF-4D32-83FC-571EC6BCA217}.Ad-Hoc|iPhoneSimulator.ActiveCfg = Release|Any CPU
		{04395E30-F6CF-4D32-83FC-571EC6BCA217}.Ad-Hoc|iPhoneSimulator.Build.0 = Release|Any CPU
		{04395E30-F6CF-4D32-83FC-571EC6BCA217}.Ad-Hoc|iPhoneSimulator.Deploy.0 = Release|Any CPU
		{04395E30-F6CF-4D32-83FC-571EC6BCA217}.Ad-Hoc|x64.ActiveCfg = Release|Any CPU
		{04395E30-F6CF-4D32-83FC-571EC6BCA217}.Ad-Hoc|x64.Build.0 = Release|Any CPU
		{04395E30-F6CF-4D32-83FC-571EC6BCA217}.Ad-Hoc|x64.Deploy.0 = Release|Any CPU
		{04395E30-F6CF-4D32-83FC-571EC6BCA217}.Ad-Hoc|x86.ActiveCfg = Release|Any CPU
		{04395E30-F6CF-4D32-83FC-571EC6BCA217}.Ad-Hoc|x86.Build.0 = Release|Any CPU
		{04395E30-F6CF-4D32-83FC-571EC6BCA217}.Ad-Hoc|x86.Deploy.0 = Release|Any CPU
		{04395E30-F6CF-4D32-83FC-571EC6BCA217}.AppStore|Any CPU.ActiveCfg = Release|Any CPU
		{04395E30-F6CF-4D32-83FC-571EC6BCA217}.AppStore|Any CPU.Build.0 = Release|Any CPU
		{04395E30-F6CF-4D32-83FC-571EC6BCA217}.AppStore|Any CPU.Deploy.0 = Release|Any CPU
		{04395E30-F6CF-4D32-83FC-571EC6BCA217}.AppStore|ARM.ActiveCfg = Release|Any CPU
		{04395E30-F6CF-4D32-83FC-571EC6BCA217}.AppStore|ARM.Build.0 = Release|Any CPU
		{04395E30-F6CF-4D32-83FC-571EC6BCA217}.AppStore|ARM.Deploy.0 = Release|Any CPU
		{04395E30-F6CF-4D32-83FC-571EC6BCA217}.AppStore|iPhone.ActiveCfg = Release|Any CPU
		{04395E30-F6CF-4D32-83FC-571EC6BCA217}.AppStore|iPhone.Build.0 = Release|Any CPU
		{04395E30-F6CF-4D32-83FC-571EC6BCA217}.AppStore|iPhone.Deploy.0 = Release|Any CPU
		{04395E30-F6CF-4D32-83FC-571EC6BCA217}.AppStore|iPhoneSimulator.ActiveCfg = Release|Any CPU
		{04395E30-F6CF-4D32-83FC-571EC6BCA217}.AppStore|iPhoneSimulator.Build.0 = Release|Any CPU
		{04395E30-F6CF-4D32-83FC-571EC6BCA217}.AppStore|iPhoneSimulator.Deploy.0 = Release|Any CPU
		{04395E30-F6CF-4D32-83FC-571EC6BCA217}.AppStore|x64.ActiveCfg = Release|Any CPU
		{04395E30-F6CF-4D32-83FC-571EC6BCA217}.AppStore|x64.Build.0 = Release|Any CPU
		{04395E30-F6CF-4D32-83FC-571EC6BCA217}.AppStore|x64.Deploy.0 = Release|Any CPU
		{04395E30-F6CF-4D32-83FC-571EC6BCA217}.AppStore|x86.ActiveCfg = Release|Any CPU
		{04395E30-F6CF-4D32-83FC-571EC6BCA217}.AppStore|x86.Build.0 = Release|Any CPU
		{04395E30-F6CF-4D32-83FC-571EC6BCA217}.AppStore|x86.Deploy.0 = Release|Any CPU
		{04395E30-F6CF-4D32-83FC-571EC6BCA217}.Debug|Any CPU.ActiveCfg = Debug|Any CPU
		{04395E30-F6CF-4D32-83FC-571EC6BCA217}.Debug|Any CPU.Build.0 = Debug|Any CPU
		{04395E30-F6CF-4D32-83FC-571EC6BCA217}.Debug|Any CPU.Deploy.0 = Debug|Any CPU
		{04395E30-F6CF-4D32-83FC-571EC6BCA217}.Debug|ARM.ActiveCfg = Debug|Any CPU
		{04395E30-F6CF-4D32-83FC-571EC6BCA217}.Debug|ARM.Build.0 = Debug|Any CPU
		{04395E30-F6CF-4D32-83FC-571EC6BCA217}.Debug|ARM.Deploy.0 = Debug|Any CPU
		{04395E30-F6CF-4D32-83FC-571EC6BCA217}.Debug|iPhone.ActiveCfg = Debug|Any CPU
		{04395E30-F6CF-4D32-83FC-571EC6BCA217}.Debug|iPhone.Build.0 = Debug|Any CPU
		{04395E30-F6CF-4D32-83FC-571EC6BCA217}.Debug|iPhone.Deploy.0 = Debug|Any CPU
		{04395E30-F6CF-4D32-83FC-571EC6BCA217}.Debug|iPhoneSimulator.ActiveCfg = Debug|Any CPU
		{04395E30-F6CF-4D32-83FC-571EC6BCA217}.Debug|iPhoneSimulator.Build.0 = Debug|Any CPU
		{04395E30-F6CF-4D32-83FC-571EC6BCA217}.Debug|iPhoneSimulator.Deploy.0 = Debug|Any CPU
		{04395E30-F6CF-4D32-83FC-571EC6BCA217}.Debug|x64.ActiveCfg = Debug|Any CPU
		{04395E30-F6CF-4D32-83FC-571EC6BCA217}.Debug|x64.Build.0 = Debug|Any CPU
		{04395E30-F6CF-4D32-83FC-571EC6BCA217}.Debug|x64.Deploy.0 = Debug|Any CPU
		{04395E30-F6CF-4D32-83FC-571EC6BCA217}.Debug|x86.ActiveCfg = Debug|Any CPU
		{04395E30-F6CF-4D32-83FC-571EC6BCA217}.Debug|x86.Build.0 = Debug|Any CPU
		{04395E30-F6CF-4D32-83FC-571EC6BCA217}.Debug|x86.Deploy.0 = Debug|Any CPU
		{04395E30-F6CF-4D32-83FC-571EC6BCA217}.Release|Any CPU.ActiveCfg = Release|Any CPU
		{04395E30-F6CF-4D32-83FC-571EC6BCA217}.Release|Any CPU.Build.0 = Release|Any CPU
		{04395E30-F6CF-4D32-83FC-571EC6BCA217}.Release|Any CPU.Deploy.0 = Release|Any CPU
		{04395E30-F6CF-4D32-83FC-571EC6BCA217}.Release|ARM.ActiveCfg = Release|Any CPU
		{04395E30-F6CF-4D32-83FC-571EC6BCA217}.Release|ARM.Build.0 = Release|Any CPU
		{04395E30-F6CF-4D32-83FC-571EC6BCA217}.Release|ARM.Deploy.0 = Release|Any CPU
		{04395E30-F6CF-4D32-83FC-571EC6BCA217}.Release|iPhone.ActiveCfg = Release|Any CPU
		{04395E30-F6CF-4D32-83FC-571EC6BCA217}.Release|iPhone.Build.0 = Release|Any CPU
		{04395E30-F6CF-4D32-83FC-571EC6BCA217}.Release|iPhone.Deploy.0 = Release|Any CPU
		{04395E30-F6CF-4D32-83FC-571EC6BCA217}.Release|iPhoneSimulator.ActiveCfg = Release|Any CPU
		{04395E30-F6CF-4D32-83FC-571EC6BCA217}.Release|iPhoneSimulator.Build.0 = Release|Any CPU
		{04395E30-F6CF-4D32-83FC-571EC6BCA217}.Release|iPhoneSimulator.Deploy.0 = Release|Any CPU
		{04395E30-F6CF-4D32-83FC-571EC6BCA217}.Release|x64.ActiveCfg = Release|Any CPU
		{04395E30-F6CF-4D32-83FC-571EC6BCA217}.Release|x64.Build.0 = Release|Any CPU
		{04395E30-F6CF-4D32-83FC-571EC6BCA217}.Release|x64.Deploy.0 = Release|Any CPU
		{04395E30-F6CF-4D32-83FC-571EC6BCA217}.Release|x86.ActiveCfg = Release|Any CPU
		{04395E30-F6CF-4D32-83FC-571EC6BCA217}.Release|x86.Build.0 = Release|Any CPU
		{04395E30-F6CF-4D32-83FC-571EC6BCA217}.Release|x86.Deploy.0 = Release|Any CPU
		{AC2DA8B8-604B-4BF5-8907-C232DA730DB7}.Ad-Hoc|Any CPU.ActiveCfg = Release|Any CPU
		{AC2DA8B8-604B-4BF5-8907-C232DA730DB7}.Ad-Hoc|Any CPU.Build.0 = Release|Any CPU
		{AC2DA8B8-604B-4BF5-8907-C232DA730DB7}.Ad-Hoc|ARM.ActiveCfg = Release|Any CPU
		{AC2DA8B8-604B-4BF5-8907-C232DA730DB7}.Ad-Hoc|ARM.Build.0 = Release|Any CPU
		{AC2DA8B8-604B-4BF5-8907-C232DA730DB7}.Ad-Hoc|iPhone.ActiveCfg = Release|Any CPU
		{AC2DA8B8-604B-4BF5-8907-C232DA730DB7}.Ad-Hoc|iPhone.Build.0 = Release|Any CPU
		{AC2DA8B8-604B-4BF5-8907-C232DA730DB7}.Ad-Hoc|iPhoneSimulator.ActiveCfg = Release|Any CPU
		{AC2DA8B8-604B-4BF5-8907-C232DA730DB7}.Ad-Hoc|iPhoneSimulator.Build.0 = Release|Any CPU
		{AC2DA8B8-604B-4BF5-8907-C232DA730DB7}.Ad-Hoc|x64.ActiveCfg = Release|Any CPU
		{AC2DA8B8-604B-4BF5-8907-C232DA730DB7}.Ad-Hoc|x64.Build.0 = Release|Any CPU
		{AC2DA8B8-604B-4BF5-8907-C232DA730DB7}.Ad-Hoc|x86.ActiveCfg = Release|Any CPU
		{AC2DA8B8-604B-4BF5-8907-C232DA730DB7}.Ad-Hoc|x86.Build.0 = Release|Any CPU
		{AC2DA8B8-604B-4BF5-8907-C232DA730DB7}.AppStore|Any CPU.ActiveCfg = Release|Any CPU
		{AC2DA8B8-604B-4BF5-8907-C232DA730DB7}.AppStore|Any CPU.Build.0 = Release|Any CPU
		{AC2DA8B8-604B-4BF5-8907-C232DA730DB7}.AppStore|ARM.ActiveCfg = Release|Any CPU
		{AC2DA8B8-604B-4BF5-8907-C232DA730DB7}.AppStore|ARM.Build.0 = Release|Any CPU
		{AC2DA8B8-604B-4BF5-8907-C232DA730DB7}.AppStore|iPhone.ActiveCfg = Release|Any CPU
		{AC2DA8B8-604B-4BF5-8907-C232DA730DB7}.AppStore|iPhone.Build.0 = Release|Any CPU
		{AC2DA8B8-604B-4BF5-8907-C232DA730DB7}.AppStore|iPhoneSimulator.ActiveCfg = Release|Any CPU
		{AC2DA8B8-604B-4BF5-8907-C232DA730DB7}.AppStore|iPhoneSimulator.Build.0 = Release|Any CPU
		{AC2DA8B8-604B-4BF5-8907-C232DA730DB7}.AppStore|x64.ActiveCfg = Release|Any CPU
		{AC2DA8B8-604B-4BF5-8907-C232DA730DB7}.AppStore|x64.Build.0 = Release|Any CPU
		{AC2DA8B8-604B-4BF5-8907-C232DA730DB7}.AppStore|x86.ActiveCfg = Release|Any CPU
		{AC2DA8B8-604B-4BF5-8907-C232DA730DB7}.AppStore|x86.Build.0 = Release|Any CPU
		{AC2DA8B8-604B-4BF5-8907-C232DA730DB7}.Debug|Any CPU.ActiveCfg = Debug|Any CPU
		{AC2DA8B8-604B-4BF5-8907-C232DA730DB7}.Debug|Any CPU.Build.0 = Debug|Any CPU
		{AC2DA8B8-604B-4BF5-8907-C232DA730DB7}.Debug|ARM.ActiveCfg = Debug|Any CPU
		{AC2DA8B8-604B-4BF5-8907-C232DA730DB7}.Debug|ARM.Build.0 = Debug|Any CPU
		{AC2DA8B8-604B-4BF5-8907-C232DA730DB7}.Debug|iPhone.ActiveCfg = Debug|Any CPU
		{AC2DA8B8-604B-4BF5-8907-C232DA730DB7}.Debug|iPhone.Build.0 = Debug|Any CPU
		{AC2DA8B8-604B-4BF5-8907-C232DA730DB7}.Debug|iPhoneSimulator.ActiveCfg = Debug|Any CPU
		{AC2DA8B8-604B-4BF5-8907-C232DA730DB7}.Debug|iPhoneSimulator.Build.0 = Debug|Any CPU
		{AC2DA8B8-604B-4BF5-8907-C232DA730DB7}.Debug|x64.ActiveCfg = Debug|Any CPU
		{AC2DA8B8-604B-4BF5-8907-C232DA730DB7}.Debug|x64.Build.0 = Debug|Any CPU
		{AC2DA8B8-604B-4BF5-8907-C232DA730DB7}.Debug|x86.ActiveCfg = Debug|Any CPU
		{AC2DA8B8-604B-4BF5-8907-C232DA730DB7}.Debug|x86.Build.0 = Debug|Any CPU
		{AC2DA8B8-604B-4BF5-8907-C232DA730DB7}.Release|Any CPU.ActiveCfg = Release|Any CPU
		{AC2DA8B8-604B-4BF5-8907-C232DA730DB7}.Release|Any CPU.Build.0 = Release|Any CPU
		{AC2DA8B8-604B-4BF5-8907-C232DA730DB7}.Release|ARM.ActiveCfg = Release|Any CPU
		{AC2DA8B8-604B-4BF5-8907-C232DA730DB7}.Release|ARM.Build.0 = Release|Any CPU
		{AC2DA8B8-604B-4BF5-8907-C232DA730DB7}.Release|iPhone.ActiveCfg = Release|Any CPU
		{AC2DA8B8-604B-4BF5-8907-C232DA730DB7}.Release|iPhone.Build.0 = Release|Any CPU
		{AC2DA8B8-604B-4BF5-8907-C232DA730DB7}.Release|iPhoneSimulator.ActiveCfg = Release|Any CPU
		{AC2DA8B8-604B-4BF5-8907-C232DA730DB7}.Release|iPhoneSimulator.Build.0 = Release|Any CPU
		{AC2DA8B8-604B-4BF5-8907-C232DA730DB7}.Release|x64.ActiveCfg = Release|Any CPU
		{AC2DA8B8-604B-4BF5-8907-C232DA730DB7}.Release|x64.Build.0 = Release|Any CPU
		{AC2DA8B8-604B-4BF5-8907-C232DA730DB7}.Release|x86.ActiveCfg = Release|Any CPU
		{AC2DA8B8-604B-4BF5-8907-C232DA730DB7}.Release|x86.Build.0 = Release|Any CPU
		{00D72DF6-8EEC-4AC5-951A-263B926F5BE1}.Ad-Hoc|Any CPU.ActiveCfg = Release|x86
		{00D72DF6-8EEC-4AC5-951A-263B926F5BE1}.Ad-Hoc|Any CPU.Build.0 = Release|x86
		{00D72DF6-8EEC-4AC5-951A-263B926F5BE1}.Ad-Hoc|Any CPU.Deploy.0 = Release|x86
		{00D72DF6-8EEC-4AC5-951A-263B926F5BE1}.Ad-Hoc|ARM.ActiveCfg = Release|ARM
		{00D72DF6-8EEC-4AC5-951A-263B926F5BE1}.Ad-Hoc|ARM.Build.0 = Release|ARM
		{00D72DF6-8EEC-4AC5-951A-263B926F5BE1}.Ad-Hoc|ARM.Deploy.0 = Release|ARM
		{00D72DF6-8EEC-4AC5-951A-263B926F5BE1}.Ad-Hoc|iPhone.ActiveCfg = Release|x86
		{00D72DF6-8EEC-4AC5-951A-263B926F5BE1}.Ad-Hoc|iPhone.Build.0 = Release|x86
		{00D72DF6-8EEC-4AC5-951A-263B926F5BE1}.Ad-Hoc|iPhone.Deploy.0 = Release|x86
		{00D72DF6-8EEC-4AC5-951A-263B926F5BE1}.Ad-Hoc|iPhoneSimulator.ActiveCfg = Release|x86
		{00D72DF6-8EEC-4AC5-951A-263B926F5BE1}.Ad-Hoc|iPhoneSimulator.Build.0 = Release|x86
		{00D72DF6-8EEC-4AC5-951A-263B926F5BE1}.Ad-Hoc|iPhoneSimulator.Deploy.0 = Release|x86
		{00D72DF6-8EEC-4AC5-951A-263B926F5BE1}.Ad-Hoc|x64.ActiveCfg = Release|x64
		{00D72DF6-8EEC-4AC5-951A-263B926F5BE1}.Ad-Hoc|x64.Build.0 = Release|x64
		{00D72DF6-8EEC-4AC5-951A-263B926F5BE1}.Ad-Hoc|x64.Deploy.0 = Release|x64
		{00D72DF6-8EEC-4AC5-951A-263B926F5BE1}.Ad-Hoc|x86.ActiveCfg = Release|x86
		{00D72DF6-8EEC-4AC5-951A-263B926F5BE1}.Ad-Hoc|x86.Build.0 = Release|x86
		{00D72DF6-8EEC-4AC5-951A-263B926F5BE1}.Ad-Hoc|x86.Deploy.0 = Release|x86
		{00D72DF6-8EEC-4AC5-951A-263B926F5BE1}.AppStore|Any CPU.ActiveCfg = Release|x86
		{00D72DF6-8EEC-4AC5-951A-263B926F5BE1}.AppStore|Any CPU.Build.0 = Release|x86
		{00D72DF6-8EEC-4AC5-951A-263B926F5BE1}.AppStore|Any CPU.Deploy.0 = Release|x86
		{00D72DF6-8EEC-4AC5-951A-263B926F5BE1}.AppStore|ARM.ActiveCfg = Release|ARM
		{00D72DF6-8EEC-4AC5-951A-263B926F5BE1}.AppStore|ARM.Build.0 = Release|ARM
		{00D72DF6-8EEC-4AC5-951A-263B926F5BE1}.AppStore|ARM.Deploy.0 = Release|ARM
		{00D72DF6-8EEC-4AC5-951A-263B926F5BE1}.AppStore|iPhone.ActiveCfg = Release|x86
		{00D72DF6-8EEC-4AC5-951A-263B926F5BE1}.AppStore|iPhone.Build.0 = Release|x86
		{00D72DF6-8EEC-4AC5-951A-263B926F5BE1}.AppStore|iPhone.Deploy.0 = Release|x86
		{00D72DF6-8EEC-4AC5-951A-263B926F5BE1}.AppStore|iPhoneSimulator.ActiveCfg = Release|x86
		{00D72DF6-8EEC-4AC5-951A-263B926F5BE1}.AppStore|iPhoneSimulator.Build.0 = Release|x86
		{00D72DF6-8EEC-4AC5-951A-263B926F5BE1}.AppStore|iPhoneSimulator.Deploy.0 = Release|x86
		{00D72DF6-8EEC-4AC5-951A-263B926F5BE1}.AppStore|x64.ActiveCfg = Release|x64
		{00D72DF6-8EEC-4AC5-951A-263B926F5BE1}.AppStore|x64.Build.0 = Release|x64
		{00D72DF6-8EEC-4AC5-951A-263B926F5BE1}.AppStore|x64.Deploy.0 = Release|x64
		{00D72DF6-8EEC-4AC5-951A-263B926F5BE1}.AppStore|x86.ActiveCfg = Release|x86
		{00D72DF6-8EEC-4AC5-951A-263B926F5BE1}.AppStore|x86.Build.0 = Release|x86
		{00D72DF6-8EEC-4AC5-951A-263B926F5BE1}.AppStore|x86.Deploy.0 = Release|x86
		{00D72DF6-8EEC-4AC5-951A-263B926F5BE1}.Debug|Any CPU.ActiveCfg = Debug|x86
		{00D72DF6-8EEC-4AC5-951A-263B926F5BE1}.Debug|ARM.ActiveCfg = Debug|ARM
		{00D72DF6-8EEC-4AC5-951A-263B926F5BE1}.Debug|ARM.Build.0 = Debug|ARM
		{00D72DF6-8EEC-4AC5-951A-263B926F5BE1}.Debug|ARM.Deploy.0 = Debug|ARM
		{00D72DF6-8EEC-4AC5-951A-263B926F5BE1}.Debug|iPhone.ActiveCfg = Debug|x86
		{00D72DF6-8EEC-4AC5-951A-263B926F5BE1}.Debug|iPhoneSimulator.ActiveCfg = Debug|x86
		{00D72DF6-8EEC-4AC5-951A-263B926F5BE1}.Debug|x64.ActiveCfg = Debug|x64
		{00D72DF6-8EEC-4AC5-951A-263B926F5BE1}.Debug|x64.Build.0 = Debug|x64
		{00D72DF6-8EEC-4AC5-951A-263B926F5BE1}.Debug|x64.Deploy.0 = Debug|x64
		{00D72DF6-8EEC-4AC5-951A-263B926F5BE1}.Debug|x86.ActiveCfg = Debug|x86
		{00D72DF6-8EEC-4AC5-951A-263B926F5BE1}.Debug|x86.Build.0 = Debug|x86
		{00D72DF6-8EEC-4AC5-951A-263B926F5BE1}.Debug|x86.Deploy.0 = Debug|x86
		{00D72DF6-8EEC-4AC5-951A-263B926F5BE1}.Release|Any CPU.ActiveCfg = Release|x86
		{00D72DF6-8EEC-4AC5-951A-263B926F5BE1}.Release|ARM.ActiveCfg = Release|ARM
		{00D72DF6-8EEC-4AC5-951A-263B926F5BE1}.Release|ARM.Build.0 = Release|ARM
		{00D72DF6-8EEC-4AC5-951A-263B926F5BE1}.Release|ARM.Deploy.0 = Release|ARM
		{00D72DF6-8EEC-4AC5-951A-263B926F5BE1}.Release|iPhone.ActiveCfg = Release|x86
		{00D72DF6-8EEC-4AC5-951A-263B926F5BE1}.Release|iPhoneSimulator.ActiveCfg = Release|x86
		{00D72DF6-8EEC-4AC5-951A-263B926F5BE1}.Release|x64.ActiveCfg = Release|x64
		{00D72DF6-8EEC-4AC5-951A-263B926F5BE1}.Release|x64.Build.0 = Release|x64
		{00D72DF6-8EEC-4AC5-951A-263B926F5BE1}.Release|x64.Deploy.0 = Release|x64
		{00D72DF6-8EEC-4AC5-951A-263B926F5BE1}.Release|x86.ActiveCfg = Release|x86
		{00D72DF6-8EEC-4AC5-951A-263B926F5BE1}.Release|x86.Build.0 = Release|x86
		{00D72DF6-8EEC-4AC5-951A-263B926F5BE1}.Release|x86.Deploy.0 = Release|x86
		{A8463CA2-D6AB-465F-A703-0C0B02A9F0C2}.Ad-Hoc|Any CPU.ActiveCfg = Ad-Hoc|iPhone
		{A8463CA2-D6AB-465F-A703-0C0B02A9F0C2}.Ad-Hoc|ARM.ActiveCfg = Ad-Hoc|iPhone
		{A8463CA2-D6AB-465F-A703-0C0B02A9F0C2}.Ad-Hoc|iPhone.ActiveCfg = Ad-Hoc|iPhone
		{A8463CA2-D6AB-465F-A703-0C0B02A9F0C2}.Ad-Hoc|iPhone.Build.0 = Ad-Hoc|iPhone
		{A8463CA2-D6AB-465F-A703-0C0B02A9F0C2}.Ad-Hoc|iPhoneSimulator.ActiveCfg = Ad-Hoc|iPhoneSimulator
		{A8463CA2-D6AB-465F-A703-0C0B02A9F0C2}.Ad-Hoc|iPhoneSimulator.Build.0 = Ad-Hoc|iPhoneSimulator
		{A8463CA2-D6AB-465F-A703-0C0B02A9F0C2}.Ad-Hoc|x64.ActiveCfg = Ad-Hoc|iPhone
		{A8463CA2-D6AB-465F-A703-0C0B02A9F0C2}.Ad-Hoc|x86.ActiveCfg = Ad-Hoc|iPhone
		{A8463CA2-D6AB-465F-A703-0C0B02A9F0C2}.AppStore|Any CPU.ActiveCfg = AppStore|iPhone
		{A8463CA2-D6AB-465F-A703-0C0B02A9F0C2}.AppStore|ARM.ActiveCfg = AppStore|iPhone
		{A8463CA2-D6AB-465F-A703-0C0B02A9F0C2}.AppStore|iPhone.ActiveCfg = AppStore|iPhone
		{A8463CA2-D6AB-465F-A703-0C0B02A9F0C2}.AppStore|iPhone.Build.0 = AppStore|iPhone
		{A8463CA2-D6AB-465F-A703-0C0B02A9F0C2}.AppStore|iPhoneSimulator.ActiveCfg = AppStore|iPhoneSimulator
		{A8463CA2-D6AB-465F-A703-0C0B02A9F0C2}.AppStore|iPhoneSimulator.Build.0 = AppStore|iPhoneSimulator
		{A8463CA2-D6AB-465F-A703-0C0B02A9F0C2}.AppStore|x64.ActiveCfg = AppStore|iPhone
		{A8463CA2-D6AB-465F-A703-0C0B02A9F0C2}.AppStore|x86.ActiveCfg = AppStore|iPhone
		{A8463CA2-D6AB-465F-A703-0C0B02A9F0C2}.Debug|Any CPU.ActiveCfg = Debug|iPhone
		{A8463CA2-D6AB-465F-A703-0C0B02A9F0C2}.Debug|ARM.ActiveCfg = Debug|iPhone
		{A8463CA2-D6AB-465F-A703-0C0B02A9F0C2}.Debug|iPhone.ActiveCfg = Debug|iPhone
		{A8463CA2-D6AB-465F-A703-0C0B02A9F0C2}.Debug|iPhone.Build.0 = Debug|iPhone
		{A8463CA2-D6AB-465F-A703-0C0B02A9F0C2}.Debug|iPhoneSimulator.ActiveCfg = Debug|iPhoneSimulator
		{A8463CA2-D6AB-465F-A703-0C0B02A9F0C2}.Debug|iPhoneSimulator.Build.0 = Debug|iPhoneSimulator
		{A8463CA2-D6AB-465F-A703-0C0B02A9F0C2}.Debug|x64.ActiveCfg = Debug|iPhone
		{A8463CA2-D6AB-465F-A703-0C0B02A9F0C2}.Debug|x86.ActiveCfg = Debug|iPhone
		{A8463CA2-D6AB-465F-A703-0C0B02A9F0C2}.Release|Any CPU.ActiveCfg = Release|iPhone
		{A8463CA2-D6AB-465F-A703-0C0B02A9F0C2}.Release|ARM.ActiveCfg = Release|iPhone
		{A8463CA2-D6AB-465F-A703-0C0B02A9F0C2}.Release|iPhone.ActiveCfg = Release|iPhone
		{A8463CA2-D6AB-465F-A703-0C0B02A9F0C2}.Release|iPhone.Build.0 = Release|iPhone
		{A8463CA2-D6AB-465F-A703-0C0B02A9F0C2}.Release|iPhoneSimulator.ActiveCfg = Release|iPhoneSimulator
		{A8463CA2-D6AB-465F-A703-0C0B02A9F0C2}.Release|iPhoneSimulator.Build.0 = Release|iPhoneSimulator
		{A8463CA2-D6AB-465F-A703-0C0B02A9F0C2}.Release|x64.ActiveCfg = Release|iPhone
		{A8463CA2-D6AB-465F-A703-0C0B02A9F0C2}.Release|x86.ActiveCfg = Release|iPhone
	EndGlobalSection
	GlobalSection(SolutionProperties) = preSolution
		HideSolutionNode = FALSE
	EndGlobalSection
	GlobalSection(ExtensibilityGlobals) = postSolution
		SolutionGuid = {A5C888E1-D6DF-4195-9B6F-8C6D2F3104AB}
	EndGlobalSection
EndGlobal
